
Microsoft Visual Studio Solution File, Format Version 12.00
# Visual Studio 15
VisualStudioVersion = 15.0.27004.2010
MinimumVisualStudioVersion = 10.0.40219.1
Project("{FAE04EC0-301F-11D3-BF4B-00C04F79EFBC}") = "SwipeToRefresh", "SwipeToRefresh\SwipeToRefresh.csproj", "{9C63E4BA-1E77-48B3-8D04-4C4CFB3C9DAF}"
EndProject
Global
	GlobalSection(SolutionConfigurationPlatforms) = preSolution
		Debug|Any CPU = Debug|Any CPU
		Release|Any CPU = Release|Any CPU
	EndGlobalSection
	GlobalSection(ProjectConfigurationPlatforms) = postSolution
		{9C63E4BA-1E77-48B3-8D04-4C4CFB3C9DAF}.Debug|Any CPU.ActiveCfg = Debug|Any CPU
		{9C63E4BA-1E77-48B3-8D04-4C4CFB3C9DAF}.Debug|Any CPU.Build.0 = Debug|Any CPU
		{9C63E4BA-1E77-48B3-8D04-4C4CFB3C9DAF}.Debug|Any CPU.Deploy.0 = Debug|Any CPU
		{9C63E4BA-1E77-48B3-8D04-4C4CFB3C9DAF}.Release|Any CPU.ActiveCfg = Release|Any CPU
		{9C63E4BA-1E77-48B3-8D04-4C4CFB3C9DAF}.Release|Any CPU.Build.0 = Release|Any CPU
		{9C63E4BA-1E77-48B3-8D04-4C4CFB3C9DAF}.Release|Any CPU.Deploy.0 = Release|Any CPU
	EndGlobalSection
	GlobalSection(SolutionProperties) = preSolution
		HideSolutionNode = FALSE
	EndGlobalSection
	GlobalSection(ExtensibilityGlobals) = postSolution
		SolutionGuid = {F6454456-E44B-499E-928E-C4769CB774BF}
	EndGlobalSection
EndGlobal
